
Microsoft Visual Studio Solution File, Format Version 12.00
# Visual Studio Version 17
VisualStudioVersion = 17.4.33213.308
MinimumVisualStudioVersion = 10.0.40219.1
Project("{FAE04EC0-301F-11D3-BF4B-00C04F79EFBC}") = "EJercicio1-Cap10", "EJercicio1-Cap10\EJercicio1-Cap10.csproj", "{0A24C6CC-0DA8-42E2-97CE-CCCEFA3ACDBD}"
EndProject
Global
	GlobalSection(SolutionConfigurationPlatforms) = preSolution
		Debug|Any CPU = Debug|Any CPU
		Release|Any CPU = Release|Any CPU
	EndGlobalSection
	GlobalSection(ProjectConfigurationPlatforms) = postSolution
		{0A24C6CC-0DA8-42E2-97CE-CCCEFA3ACDBD}.Debug|Any CPU.ActiveCfg = Debug|Any CPU
		{0A24C6CC-0DA8-42E2-97CE-CCCEFA3ACDBD}.Debug|Any CPU.Build.0 = Debug|Any CPU
		{0A24C6CC-0DA8-42E2-97CE-CCCEFA3ACDBD}.Release|Any CPU.ActiveCfg = Release|Any CPU
		{0A24C6CC-0DA8-42E2-97CE-CCCEFA3ACDBD}.Release|Any CPU.Build.0 = Release|Any CPU
	EndGlobalSection
	GlobalSection(SolutionProperties) = preSolution
		HideSolutionNode = FALSE
	EndGlobalSection
	GlobalSection(ExtensibilityGlobals) = postSolution
		SolutionGuid = {1F42D4D0-290B-44EB-BD09-4992012F6D79}
	EndGlobalSection
EndGlobal
