
Microsoft Visual Studio Solution File, Format Version 12.00
# Visual Studio Version 17
VisualStudioVersion = 17.5.33424.131
MinimumVisualStudioVersion = 10.0.40219.1
Project("{FAE04EC0-301F-11D3-BF4B-00C04F79EFBC}") = "ejercicio1", "ejercicio1\ejercicio1.csproj", "{FA031D88-76E8-4780-8E00-6F97FA7AAD99}"
EndProject
Global
	GlobalSection(SolutionConfigurationPlatforms) = preSolution
		Debug|Any CPU = Debug|Any CPU
		Release|Any CPU = Release|Any CPU
	EndGlobalSection
	GlobalSection(ProjectConfigurationPlatforms) = postSolution
		{FA031D88-76E8-4780-8E00-6F97FA7AAD99}.Debug|Any CPU.ActiveCfg = Debug|Any CPU
		{FA031D88-76E8-4780-8E00-6F97FA7AAD99}.Debug|Any CPU.Build.0 = Debug|Any CPU
		{FA031D88-76E8-4780-8E00-6F97FA7AAD99}.Release|Any CPU.ActiveCfg = Release|Any CPU
		{FA031D88-76E8-4780-8E00-6F97FA7AAD99}.Release|Any CPU.Build.0 = Release|Any CPU
	EndGlobalSection
	GlobalSection(SolutionProperties) = preSolution
		HideSolutionNode = FALSE
	EndGlobalSection
	GlobalSection(ExtensibilityGlobals) = postSolution
		SolutionGuid = {BC9B1E0E-2711-45F9-921A-BD322F8E0CFD}
	EndGlobalSection
EndGlobal
